# This file was autogenerated by Stack.
# You should not edit this file by hand.
# For more information, please see the documentation at:
#   https://docs.haskellstack.org/en/stable/lock_files

packages:
- completed:
    commit: 419b76fffb517f697a480a4d33f7c3dfc88f95ee
    git: https://github.com/nikitaDanilenko/gwaf.git
    name: gwaf
    pantry-tree:
      sha256: 63ddfc1d175d30f6de34560daadd20d2cbc726c4b3fde5f93a1dbe81b49430f1
      size: 2256
    version: 0.1.0.0
  original:
    commit: 419b76fffb517f697a480a4d33f7c3dfc88f95ee
    git: https://github.com/nikitaDanilenko/gwaf.git
snapshots:
- completed:
    sha256: 23bb9bb355bfdb1635252e120a29b712f0d5e8a6c6a65c5ab5bd6692f46c438e
    size: 640457
    url: https://raw.githubusercontent.com/commercialhaskell/stackage-snapshots/master/lts/21/7.yaml
  original: lts-21.7
